// !$*UTF8*$!
{
	archiveVersion = 1;
	classes = {
	};
	objectVersion = 50;
	objects = {

/* Begin PBXBuildFile section */
		6E62AD32257628A10006591D /* UserData.swift in Sources */ = {isa = PBXBuildFile; fileRef = 6E62AD31257628A10006591D /* UserData.swift */; };
		6EDA889225706FC900FCF185 /* charleyrivers.jpg in Resources */ = {isa = PBXBuildFile; fileRef = 6EDA888425706FC800FCF185 /* charleyrivers.jpg */; };
		6EDA889325706FC900FCF185 /* turtlerock.jpg in Resources */ = {isa = PBXBuildFile; fileRef = 6EDA888525706FC800FCF185 /* turtlerock.jpg */; };
		6EDA889425706FC900FCF185 /* silversalmoncreek.jpg in Resources */ = {isa = PBXBuildFile; fileRef = 6EDA888625706FC800FCF185 /* silversalmoncreek.jpg */; };
		6EDA889525706FC900FCF185 /* hikeData.json in Resources */ = {isa = PBXBuildFile; fileRef = 6EDA888725706FC800FCF185 /* hikeData.json */; };
		6EDA889625706FC900FCF185 /* icybay.jpg in Resources */ = {isa = PBXBuildFile; fileRef = 6EDA888825706FC800FCF185 /* icybay.jpg */; };
		6EDA889725706FC900FCF185 /* lakemcdonald.jpg in Resources */ = {isa = PBXBuildFile; fileRef = 6EDA888925706FC800FCF185 /* lakemcdonald.jpg */; };
		6EDA889825706FC900FCF185 /* hiddenlake.jpg in Resources */ = {isa = PBXBuildFile; fileRef = 6EDA888A25706FC800FCF185 /* hiddenlake.jpg */; };
		6EDA889925706FC900FCF185 /* twinlake.jpg in Resources */ = {isa = PBXBuildFile; fileRef = 6EDA888B25706FC800FCF185 /* twinlake.jpg */; };
		6EDA889A25706FC900FCF185 /* umbagog.jpg in Resources */ = {isa = PBXBuildFile; fileRef = 6EDA888C25706FC800FCF185 /* umbagog.jpg */; };
		6EDA889B25706FC900FCF185 /* landmarkData.json in Resources */ = {isa = PBXBuildFile; fileRef = 6EDA888D25706FC800FCF185 /* landmarkData.json */; };
		6EDA889C25706FC900FCF185 /* chincoteague.jpg in Resources */ = {isa = PBXBuildFile; fileRef = 6EDA888E25706FC800FCF185 /* chincoteague.jpg */; };
		6EDA889D25706FC900FCF185 /* stmarylake.jpg in Resources */ = {isa = PBXBuildFile; fileRef = 6EDA888F25706FC800FCF185 /* stmarylake.jpg */; };
		6EDA889E25706FC900FCF185 /* chilkoottrail.jpg in Resources */ = {isa = PBXBuildFile; fileRef = 6EDA889025706FC800FCF185 /* chilkoottrail.jpg */; };
		6EDA889F25706FC900FCF185 /* rainbowlake.jpg in Resources */ = {isa = PBXBuildFile; fileRef = 6EDA889125706FC800FCF185 /* rainbowlake.jpg */; };
		6EDA88A22570702B00FCF185 /* CircleImage.swift in Sources */ = {isa = PBXBuildFile; fileRef = 6EDA88A12570702B00FCF185 /* CircleImage.swift */; };
		6EDA88A5257070AB00FCF185 /* MapView.swift in Sources */ = {isa = PBXBuildFile; fileRef = 6EDA88A4257070AB00FCF185 /* MapView.swift */; };
		6EDA88A9257074D100FCF185 /* Landmark.swift in Sources */ = {isa = PBXBuildFile; fileRef = 6EDA88A8257074D100FCF185 /* Landmark.swift */; };
		6EDA88AD2570760300FCF185 /* Data.swift in Sources */ = {isa = PBXBuildFile; fileRef = 6EDA88AC2570760300FCF185 /* Data.swift */; };
		6EDA88B1257076E500FCF185 /* LandmarkRow.swift in Sources */ = {isa = PBXBuildFile; fileRef = 6EDA88B0257076E500FCF185 /* LandmarkRow.swift */; };
		6EDA88B52570783800FCF185 /* LandmarkList.swift in Sources */ = {isa = PBXBuildFile; fileRef = 6EDA88B42570783800FCF185 /* LandmarkList.swift */; };
		6EDA88BA25707AAF00FCF185 /* CoreLocation.framework in Frameworks */ = {isa = PBXBuildFile; fileRef = 6EDA88B925707AAF00FCF185 /* CoreLocation.framework */; };
		6EE7960024C3231900DB0A95 /* AppDelegate.swift in Sources */ = {isa = PBXBuildFile; fileRef = 6EE795FF24C3231900DB0A95 /* AppDelegate.swift */; };
		6EE7960224C3231900DB0A95 /* SceneDelegate.swift in Sources */ = {isa = PBXBuildFile; fileRef = 6EE7960124C3231900DB0A95 /* SceneDelegate.swift */; };
		6EE7960424C3231900DB0A95 /* LandmarkDetail.swift in Sources */ = {isa = PBXBuildFile; fileRef = 6EE7960324C3231900DB0A95 /* LandmarkDetail.swift */; };
		6EE7960624C3231D00DB0A95 /* Assets.xcassets in Resources */ = {isa = PBXBuildFile; fileRef = 6EE7960524C3231D00DB0A95 /* Assets.xcassets */; };
		6EE7960924C3231D00DB0A95 /* Preview Assets.xcassets in Resources */ = {isa = PBXBuildFile; fileRef = 6EE7960824C3231D00DB0A95 /* Preview Assets.xcassets */; };
		6EE7960C24C3231D00DB0A95 /* LaunchScreen.storyboard in Resources */ = {isa = PBXBuildFile; fileRef = 6EE7960A24C3231D00DB0A95 /* LaunchScreen.storyboard */; };
/* End PBXBuildFile section */

/* Begin PBXFileReference section */
		6E62AD31257628A10006591D /* UserData.swift */ = {isa = PBXFileReference; lastKnownFileType = sourcecode.swift; path = UserData.swift; sourceTree = "<group>"; };
		6EDA888425706FC800FCF185 /* charleyrivers.jpg */ = {isa = PBXFileReference; lastKnownFileType = image.jpeg; path = charleyrivers.jpg; sourceTree = "<group>"; };
		6EDA888525706FC800FCF185 /* turtlerock.jpg */ = {isa = PBXFileReference; lastKnownFileType = image.jpeg; path = turtlerock.jpg; sourceTree = "<group>"; };
		6EDA888625706FC800FCF185 /* silversalmoncreek.jpg */ = {isa = PBXFileReference; lastKnownFileType = image.jpeg; path = silversalmoncreek.jpg; sourceTree = "<group>"; };
		6EDA888725706FC800FCF185 /* hikeData.json */ = {isa = PBXFileReference; fileEncoding = 4; lastKnownFileType = text.json; path = hikeData.json; sourceTree = "<group>"; };
		6EDA888825706FC800FCF185 /* icybay.jpg */ = {isa = PBXFileReference; lastKnownFileType = image.jpeg; path = icybay.jpg; sourceTree = "<group>"; };
		6EDA888925706FC800FCF185 /* lakemcdonald.jpg */ = {isa = PBXFileReference; lastKnownFileType = image.jpeg; path = lakemcdonald.jpg; sourceTree = "<group>"; };
		6EDA888A25706FC800FCF185 /* hiddenlake.jpg */ = {isa = PBXFileReference; lastKnownFileType = image.jpeg; path = hiddenlake.jpg; sourceTree = "<group>"; };
		6EDA888B25706FC800FCF185 /* twinlake.jpg */ = {isa = PBXFileReference; lastKnownFileType = image.jpeg; path = twinlake.jpg; sourceTree = "<group>"; };
		6EDA888C25706FC800FCF185 /* umbagog.jpg */ = {isa = PBXFileReference; lastKnownFileType = image.jpeg; path = umbagog.jpg; sourceTree = "<group>"; };
		6EDA888D25706FC800FCF185 /* landmarkData.json */ = {isa = PBXFileReference; fileEncoding = 4; lastKnownFileType = text.json; path = landmarkData.json; sourceTree = "<group>"; };
		6EDA888E25706FC800FCF185 /* chincoteague.jpg */ = {isa = PBXFileReference; lastKnownFileType = image.jpeg; path = chincoteague.jpg; sourceTree = "<group>"; };
		6EDA888F25706FC800FCF185 /* stmarylake.jpg */ = {isa = PBXFileReference; lastKnownFileType = image.jpeg; path = stmarylake.jpg; sourceTree = "<group>"; };
		6EDA889025706FC800FCF185 /* chilkoottrail.jpg */ = {isa = PBXFileReference; lastKnownFileType = image.jpeg; path = chilkoottrail.jpg; sourceTree = "<group>"; };
		6EDA889125706FC800FCF185 /* rainbowlake.jpg */ = {isa = PBXFileReference; lastKnownFileType = image.jpeg; path = rainbowlake.jpg; sourceTree = "<group>"; };
		6EDA88A12570702B00FCF185 /* CircleImage.swift */ = {isa = PBXFileReference; lastKnownFileType = sourcecode.swift; path = CircleImage.swift; sourceTree = "<group>"; };
		6EDA88A4257070AB00FCF185 /* MapView.swift */ = {isa = PBXFileReference; lastKnownFileType = sourcecode.swift; path = MapView.swift; sourceTree = "<group>"; };
		6EDA88A8257074D100FCF185 /* Landmark.swift */ = {isa = PBXFileReference; lastKnownFileType = sourcecode.swift; path = Landmark.swift; sourceTree = "<group>"; };
		6EDA88AC2570760300FCF185 /* Data.swift */ = {isa = PBXFileReference; lastKnownFileType = sourcecode.swift; path = Data.swift; sourceTree = "<group>"; };
		6EDA88B0257076E500FCF185 /* LandmarkRow.swift */ = {isa = PBXFileReference; lastKnownFileType = sourcecode.swift; path = LandmarkRow.swift; sourceTree = "<group>"; };
		6EDA88B42570783800FCF185 /* LandmarkList.swift */ = {isa = PBXFileReference; lastKnownFileType = sourcecode.swift; path = LandmarkList.swift; sourceTree = "<group>"; };
		6EDA88B925707AAF00FCF185 /* CoreLocation.framework */ = {isa = PBXFileReference; lastKnownFileType = wrapper.framework; name = CoreLocation.framework; path = System/Library/Frameworks/CoreLocation.framework; sourceTree = SDKROOT; };
		6EE795FC24C3231900DB0A95 /* Landmarks.app */ = {isa = PBXFileReference; explicitFileType = wrapper.application; includeInIndex = 0; path = Landmarks.app; sourceTree = BUILT_PRODUCTS_DIR; };
		6EE795FF24C3231900DB0A95 /* AppDelegate.swift */ = {isa = PBXFileReference; lastKnownFileType = sourcecode.swift; path = AppDelegate.swift; sourceTree = "<group>"; };
		6EE7960124C3231900DB0A95 /* SceneDelegate.swift */ = {isa = PBXFileReference; lastKnownFileType = sourcecode.swift; path = SceneDelegate.swift; sourceTree = "<group>"; };
		6EE7960324C3231900DB0A95 /* LandmarkDetail.swift */ = {isa = PBXFileReference; lastKnownFileType = sourcecode.swift; path = LandmarkDetail.swift; sourceTree = "<group>"; };
		6EE7960524C3231D00DB0A95 /* Assets.xcassets */ = {isa = PBXFileReference; lastKnownFileType = folder.assetcatalog; path = Assets.xcassets; sourceTree = "<group>"; };
		6EE7960824C3231D00DB0A95 /* Preview Assets.xcassets */ = {isa = PBXFileReference; lastKnownFileType = folder.assetcatalog; path = "Preview Assets.xcassets"; sourceTree = "<group>"; };
		6EE7960B24C3231D00DB0A95 /* Base */ = {isa = PBXFileReference; lastKnownFileType = file.storyboard; name = Base; path = Base.lproj/LaunchScreen.storyboard; sourceTree = "<group>"; };
		6EE7960D24C3231D00DB0A95 /* Info.plist */ = {isa = PBXFileReference; lastKnownFileType = text.plist.xml; path = Info.plist; sourceTree = "<group>"; };
/* End PBXFileReference section */

/* Begin PBXFrameworksBuildPhase section */
		6EE795F924C3231800DB0A95 /* Frameworks */ = {
			isa = PBXFrameworksBuildPhase;
			buildActionMask = 2147483647;
			files = (
				6EDA88BA25707AAF00FCF185 /* CoreLocation.framework in Frameworks */,
			);
			runOnlyForDeploymentPostprocessing = 0;
		};
/* End PBXFrameworksBuildPhase section */

/* Begin PBXGroup section */
		6EDA888325706FC800FCF185 /* Resources */ = {
			isa = PBXGroup;
			children = (
				6EDA888425706FC800FCF185 /* charleyrivers.jpg */,
				6EDA888525706FC800FCF185 /* turtlerock.jpg */,
				6EDA888625706FC800FCF185 /* silversalmoncreek.jpg */,
				6EDA888725706FC800FCF185 /* hikeData.json */,
				6EDA888825706FC800FCF185 /* icybay.jpg */,
				6EDA888925706FC800FCF185 /* lakemcdonald.jpg */,
				6EDA888A25706FC800FCF185 /* hiddenlake.jpg */,
				6EDA888B25706FC800FCF185 /* twinlake.jpg */,
				6EDA888C25706FC800FCF185 /* umbagog.jpg */,
				6EDA888D25706FC800FCF185 /* landmarkData.json */,
				6EDA888E25706FC800FCF185 /* chincoteague.jpg */,
				6EDA888F25706FC800FCF185 /* stmarylake.jpg */,
				6EDA889025706FC800FCF185 /* chilkoottrail.jpg */,
				6EDA889125706FC800FCF185 /* rainbowlake.jpg */,
			);
			path = Resources;
			sourceTree = "<group>";
		};
		6EDA88A7257074B900FCF185 /* Models */ = {
			isa = PBXGroup;
			children = (
				6EDA88A8257074D100FCF185 /* Landmark.swift */,
				6EDA88AC2570760300FCF185 /* Data.swift */,
				6E62AD31257628A10006591D /* UserData.swift */,
			);
			path = Models;
			sourceTree = "<group>";
		};
		6EDA88B825707AAE00FCF185 /* Frameworks */ = {
			isa = PBXGroup;
			children = (
				6EDA88B925707AAF00FCF185 /* CoreLocation.framework */,
			);
			name = Frameworks;
			sourceTree = "<group>";
		};
		6EE795F324C3231800DB0A95 = {
			isa = PBXGroup;
			children = (
				6EE795FE24C3231900DB0A95 /* Landmarks */,
				6EE795FD24C3231900DB0A95 /* Products */,
				6EDA88B825707AAE00FCF185 /* Frameworks */,
			);
			sourceTree = "<group>";
		};
		6EE795FD24C3231900DB0A95 /* Products */ = {
			isa = PBXGroup;
			children = (
				6EE795FC24C3231900DB0A95 /* Landmarks.app */,
			);
			name = Products;
			sourceTree = "<group>";
		};
		6EE795FE24C3231900DB0A95 /* Landmarks */ = {
			isa = PBXGroup;
			children = (
				6EE795FF24C3231900DB0A95 /* AppDelegate.swift */,
				6EE7960124C3231900DB0A95 /* SceneDelegate.swift */,
				6EDA88B42570783800FCF185 /* LandmarkList.swift */,
				6EDA88B0257076E500FCF185 /* LandmarkRow.swift */,
				6EE7960324C3231900DB0A95 /* LandmarkDetail.swift */,
				6EDA88A12570702B00FCF185 /* CircleImage.swift */,
				6EDA88A4257070AB00FCF185 /* MapView.swift */,
				6EDA88A7257074B900FCF185 /* Models */,
				6EDA888325706FC800FCF185 /* Resources */,
				6EE7960524C3231D00DB0A95 /* Assets.xcassets */,
				6EE7960A24C3231D00DB0A95 /* LaunchScreen.storyboard */,
				6EE7960D24C3231D00DB0A95 /* Info.plist */,
				6EE7960724C3231D00DB0A95 /* Preview Content */,
			);
			path = Landmarks;
			sourceTree = "<group>";
		};
		6EE7960724C3231D00DB0A95 /* Preview Content */ = {
			isa = PBXGroup;
			children = (
				6EE7960824C3231D00DB0A95 /* Preview Assets.xcassets */,
			);
			path = "Preview Content";
			sourceTree = "<group>";
		};
/* End PBXGroup section */

/* Begin PBXNativeTarget section */
		6EE795FB24C3231800DB0A95 /* Landmarks */ = {
			isa = PBXNativeTarget;
			buildConfigurationList = 6EE7961024C3231D00DB0A95 /* Build configuration list for PBXNativeTarget "Landmarks" */;
			buildPhases = (
				6EE795F824C3231800DB0A95 /* Sources */,
				6EE795F924C3231800DB0A95 /* Frameworks */,
				6EE795FA24C3231800DB0A95 /* Resources */,
			);
			buildRules = (
			);
			dependencies = (
			);
			name = Landmarks;
			productName = Landmarks;
			productReference = 6EE795FC24C3231900DB0A95 /* Landmarks.app */;
			productType = "com.apple.product-type.application";
		};
/* End PBXNativeTarget section */

/* Begin PBXProject section */
		6EE795F424C3231800DB0A95 /* Project object */ = {
			isa = PBXProject;
			attributes = {
				LastSwiftUpdateCheck = 1160;
				LastUpgradeCheck = 1210;
				ORGANIZATIONNAME = naoyuki;
				TargetAttributes = {
					6EE795FB24C3231800DB0A95 = {
						CreatedOnToolsVersion = 11.6;
					};
				};
			};
			buildConfigurationList = 6EE795F724C3231800DB0A95 /* Build configuration list for PBXProject "Landmarks" */;
			compatibilityVersion = "Xcode 9.3";
			developmentRegion = en;
			hasScannedForEncodings = 0;
			knownRegions = (
				en,
				Base,
			);
			mainGroup = 6EE795F324C3231800DB0A95;
			productRefGroup = 6EE795FD24C3231900DB0A95 /* Products */;
			projectDirPath = "";
			projectRoot = "";
			targets = (
				6EE795FB24C3231800DB0A95 /* Landmarks */,
			);
		};
/* End PBXProject section */

/* Begin PBXResourcesBuildPhase section */
		6EE795FA24C3231800DB0A95 /* Resources */ = {
			isa = PBXResourcesBuildPhase;
			buildActionMask = 2147483647;
			files = (
				6EDA889A25706FC900FCF185 /* umbagog.jpg in Resources */,
				6EE7960C24C3231D00DB0A95 /* LaunchScreen.storyboard in Resources */,
				6EE7960924C3231D00DB0A95 /* Preview Assets.xcassets in Resources */,
				6EDA889625706FC900FCF185 /* icybay.jpg in Resources */,
				6EDA889B25706FC900FCF185 /* landmarkData.json in Resources */,
				6EDA889725706FC900FCF185 /* lakemcdonald.jpg in Resources */,
				6EDA889D25706FC900FCF185 /* stmarylake.jpg in Resources */,
				6EE7960624C3231D00DB0A95 /* Assets.xcassets in Resources */,
				6EDA889425706FC900FCF185 /* silversalmoncreek.jpg in Resources */,
				6EDA889E25706FC900FCF185 /* chilkoottrail.jpg in Resources */,
				6EDA889225706FC900FCF185 /* charleyrivers.jpg in Resources */,
				6EDA889525706FC900FCF185 /* hikeData.json in Resources */,
				6EDA889C25706FC900FCF185 /* chincoteague.jpg in Resources */,
				6EDA889825706FC900FCF185 /* hiddenlake.jpg in Resources */,
				6EDA889325706FC900FCF185 /* turtlerock.jpg in Resources */,
				6EDA889925706FC900FCF185 /* twinlake.jpg in Resources */,
				6EDA889F25706FC900FCF185 /* rainbowlake.jpg in Resources */,
			);
			runOnlyForDeploymentPostprocessing = 0;
		};
/* End PBXResourcesBuildPhase section */

/* Begin PBXSourcesBuildPhase section */
		6EE795F824C3231800DB0A95 /* Sources */ = {
			isa = PBXSourcesBuildPhase;
			buildActionMask = 2147483647;
			files = (
				6EDA88AD2570760300FCF185 /* Data.swift in Sources */,
				6EE7960024C3231900DB0A95 /* AppDelegate.swift in Sources */,
				6EDA88A22570702B00FCF185 /* CircleImage.swift in Sources */,
				6EDA88A5257070AB00FCF185 /* MapView.swift in Sources */,
				6EDA88B52570783800FCF185 /* LandmarkList.swift in Sources */,
				6EE7960224C3231900DB0A95 /* SceneDelegate.swift in Sources */,
				6EE7960424C3231900DB0A95 /* LandmarkDetail.swift in Sources */,
				6EDA88B1257076E500FCF185 /* LandmarkRow.swift in Sources */,
				6E62AD32257628A10006591D /* UserData.swift in Sources */,
				6EDA88A9257074D100FCF185 /* Landmark.swift in Sources */,
			);
			runOnlyForDeploymentPostprocessing = 0;
		};
/* End PBXSourcesBuildPhase section */

/* Begin PBXVariantGroup section */
		6EE7960A24C3231D00DB0A95 /* LaunchScreen.storyboard */ = {
			isa = PBXVariantGroup;
			children = (
				6EE7960B24C3231D00DB0A95 /* Base */,
			);
			name = LaunchScreen.storyboard;
			sourceTree = "<group>";
		};
/* End PBXVariantGroup section */

/* Begin XCBuildConfiguration section */
		6EE7960E24C3231D00DB0A95 /* Debug */ = {
			isa = XCBuildConfiguration;
			buildSettings = {
				ALWAYS_SEARCH_USER_PATHS = NO;
				CLANG_ANALYZER_NONNULL = YES;
				CLANG_ANALYZER_NUMBER_OBJECT_CONVERSION = YES_AGGRESSIVE;
				CLANG_CXX_LANGUAGE_STANDARD = "gnu++14";
				CLANG_CXX_LIBRARY = "libc++";
				CLANG_ENABLE_MODULES = YES;
				CLANG_ENABLE_OBJC_ARC = YES;
				CLANG_ENABLE_OBJC_WEAK = YES;
				CLANG_WARN_BLOCK_CAPTURE_AUTORELEASING = YES;
				CLANG_WARN_BOOL_CONVERSION = YES;
				CLANG_WARN_COMMA = YES;
				CLANG_WARN_CONSTANT_CONVERSION = YES;
				CLANG_WARN_DEPRECATED_OBJC_IMPLEMENTATIONS = YES;
				CLANG_WARN_DIRECT_OBJC_ISA_USAGE = YES_ERROR;
				CLANG_WARN_DOCUMENTATION_COMMENTS = YES;
				CLANG_WARN_EMPTY_BODY = YES;
				CLANG_WARN_ENUM_CONVERSION = YES;
				CLANG_WARN_INFINITE_RECURSION = YES;
				CLANG_WARN_INT_CONVERSION = YES;
				CLANG_WARN_NON_LITERAL_NULL_CONVERSION = YES;
				CLANG_WARN_OBJC_IMPLICIT_RETAIN_SELF = YES;
				CLANG_WARN_OBJC_LITERAL_CONVERSION = YES;
				CLANG_WARN_OBJC_ROOT_CLASS = YES_ERROR;
				CLANG_WARN_QUOTED_INCLUDE_IN_FRAMEWORK_HEADER = YES;
				CLANG_WARN_RANGE_LOOP_ANALYSIS = YES;
				CLANG_WARN_STRICT_PROTOTYPES = YES;
				CLANG_WARN_SUSPICIOUS_MOVE = YES;
				CLANG_WARN_UNGUARDED_AVAILABILITY = YES_AGGRESSIVE;
				CLANG_WARN_UNREACHABLE_CODE = YES;
				CLANG_WARN__DUPLICATE_METHOD_MATCH = YES;
				COPY_PHASE_STRIP = NO;
				DEBUG_INFORMATION_FORMAT = dwarf;
				ENABLE_STRICT_OBJC_MSGSEND = YES;
				ENABLE_TESTABILITY = YES;
				GCC_C_LANGUAGE_STANDARD = gnu11;
				GCC_DYNAMIC_NO_PIC = NO;
				GCC_NO_COMMON_BLOCKS = YES;
				GCC_OPTIMIZATION_LEVEL = 0;
				GCC_PREPROCESSOR_DEFINITIONS = (
					"DEBUG=1",
					"$(inherited)",
				);
				GCC_WARN_64_TO_32_BIT_CONVERSION = YES;
				GCC_WARN_ABOUT_RETURN_TYPE = YES_ERROR;
				GCC_WARN_UNDECLARED_SELECTOR = YES;
				GCC_WARN_UNINITIALIZED_AUTOS = YES_AGGRESSIVE;
				GCC_WARN_UNUSED_FUNCTION = YES;
				GCC_WARN_UNUSED_VARIABLE = YES;
				IPHONEOS_DEPLOYMENT_TARGET = 14.1;
				MTL_ENABLE_DEBUG_INFO = INCLUDE_SOURCE;
				MTL_FAST_MATH = YES;
				ONLY_ACTIVE_ARCH = YES;
				SDKROOT = iphoneos;
				SWIFT_ACTIVE_COMPILATION_CONDITIONS = DEBUG;
				SWIFT_OPTIMIZATION_LEVEL = "-Onone";
			};
			name = Debug;
		};
		6EE7960F24C3231D00DB0A95 /* Release */ = {
			isa = XCBuildConfiguration;
			buildSettings = {
				ALWAYS_SEARCH_USER_PATHS = NO;
				CLANG_ANALYZER_NONNULL = YES;
				CLANG_ANALYZER_NUMBER_OBJECT_CONVERSION = YES_AGGRESSIVE;
				CLANG_CXX_LANGUAGE_STANDARD = "gnu++14";
				CLANG_CXX_LIBRARY = "libc++";
				CLANG_ENABLE_MODULES = YES;
				CLANG_ENABLE_OBJC_ARC = YES;
				CLANG_ENABLE_OBJC_WEAK = YES;
				CLANG_WARN_BLOCK_CAPTURE_AUTORELEASING = YES;
				CLANG_WARN_BOOL_CONVERSION = YES;
				CLANG_WARN_COMMA = YES;
				CLANG_WARN_CONSTANT_CONVERSION = YES;
				CLANG_WARN_DEPRECATED_OBJC_IMPLEMENTATIONS = YES;
				CLANG_WARN_DIRECT_OBJC_ISA_USAGE = YES_ERROR;
				CLANG_WARN_DOCUMENTATION_COMMENTS = YES;
				CLANG_WARN_EMPTY_BODY = YES;
				CLANG_WARN_ENUM_CONVERSION = YES;
				CLANG_WARN_INFINITE_RECURSION = YES;
				CLANG_WARN_INT_CONVERSION = YES;
				CLANG_WARN_NON_LITERAL_NULL_CONVERSION = YES;
				CLANG_WARN_OBJC_IMPLICIT_RETAIN_SELF = YES;
				CLANG_WARN_OBJC_LITERAL_CONVERSION = YES;
				CLANG_WARN_OBJC_ROOT_CLASS = YES_ERROR;
				CLANG_WARN_QUOTED_INCLUDE_IN_FRAMEWORK_HEADER = YES;
				CLANG_WARN_RANGE_LOOP_ANALYSIS = YES;
				CLANG_WARN_STRICT_PROTOTYPES = YES;
				CLANG_WARN_SUSPICIOUS_MOVE = YES;
				CLANG_WARN_UNGUARDED_AVAILABILITY = YES_AGGRESSIVE;
				CLANG_WARN_UNREACHABLE_CODE = YES;
				CLANG_WARN__DUPLICATE_METHOD_MATCH = YES;
				COPY_PHASE_STRIP = NO;
				DEBUG_INFORMATION_FORMAT = "dwarf-with-dsym";
				ENABLE_NS_ASSERTIONS = NO;
				ENABLE_STRICT_OBJC_MSGSEND = YES;
				GCC_C_LANGUAGE_STANDARD = gnu11;
				GCC_NO_COMMON_BLOCKS = YES;
				GCC_WARN_64_TO_32_BIT_CONVERSION = YES;
				GCC_WARN_ABOUT_RETURN_TYPE = YES_ERROR;
				GCC_WARN_UNDECLARED_SELECTOR = YES;
				GCC_WARN_UNINITIALIZED_AUTOS = YES_AGGRESSIVE;
				GCC_WARN_UNUSED_FUNCTION = YES;
				GCC_WARN_UNUSED_VARIABLE = YES;
				IPHONEOS_DEPLOYMENT_TARGET = 14.1;
				MTL_ENABLE_DEBUG_INFO = NO;
				MTL_FAST_MATH = YES;
				SDKROOT = iphoneos;
				SWIFT_COMPILATION_MODE = wholemodule;
				SWIFT_OPTIMIZATION_LEVEL = "-O";
				VALIDATE_PRODUCT = YES;
			};
			name = Release;
		};
		6EE7961124C3231D00DB0A95 /* Debug */ = {
			isa = XCBuildConfiguration;
			buildSettings = {
				ASSETCATALOG_COMPILER_APPICON_NAME = AppIcon;
				CODE_SIGN_STYLE = Automatic;
				DEVELOPMENT_ASSET_PATHS = "\"Landmarks/Preview Content\"";
				ENABLE_PREVIEWS = YES;
				INFOPLIST_FILE = Landmarks/Info.plist;
				LD_RUNPATH_SEARCH_PATHS = (
					"$(inherited)",
					"@executable_path/Frameworks",
				);
				PRODUCT_BUNDLE_IDENTIFIER = naoyuki.dev.Landmarks;
				PRODUCT_NAME = "$(TARGET_NAME)";
				SWIFT_VERSION = 5.0;
				TARGETED_DEVICE_FAMILY = "1,2";
			};
			name = Debug;
		};
		6EE7961224C3231D00DB0A95 /* Release */ = {
			isa = XCBuildConfiguration;
			buildSettings = {
				ASSETCATALOG_COMPILER_APPICON_NAME = AppIcon;
				CODE_SIGN_STYLE = Automatic;
				DEVELOPMENT_ASSET_PATHS = "\"Landmarks/Preview Content\"";
				ENABLE_PREVIEWS = YES;
				INFOPLIST_FILE = Landmarks/Info.plist;
				LD_RUNPATH_SEARCH_PATHS = (
					"$(inherited)",
					"@executable_path/Frameworks",
				);
				PRODUCT_BUNDLE_IDENTIFIER = naoyuki.dev.Landmarks;
				PRODUCT_NAME = "$(TARGET_NAME)";
				SWIFT_VERSION = 5.0;
				TARGETED_DEVICE_FAMILY = "1,2";
			};
			name = Release;
		};
/* End XCBuildConfiguration section */

/* Begin XCConfigurationList section */
		6EE795F724C3231800DB0A95 /* Build configuration list for PBXProject "Landmarks" */ = {
			isa = XCConfigurationList;
			buildConfigurations = (
				6EE7960E24C3231D00DB0A95 /* Debug */,
				6EE7960F24C3231D00DB0A95 /* Release */,
			);
			defaultConfigurationIsVisible = 0;
			defaultConfigurationName = Release;
		};
		6EE7961024C3231D00DB0A95 /* Build configuration list for PBXNativeTarget "Landmarks" */ = {
			isa = XCConfigurationList;
			buildConfigurations = (
				6EE7961124C3231D00DB0A95 /* Debug */,
				6EE7961224C3231D00DB0A95 /* Release */,
			);
			defaultConfigurationIsVisible = 0;
			defaultConfigurationName = Release;
		};
/* End XCConfigurationList section */
	};
	rootObject = 6EE795F424C3231800DB0A95 /* Project object */;
}
